
Microsoft Visual Studio Solution File, Format Version 12.00
# Visual Studio Version 17
VisualStudioVersion = 17.0.31903.59
MinimumVisualStudioVersion = 10.0.40219.1
Project("{FAE04EC0-301F-11D3-BF4B-00C04F79EFBC}") = "FinanceManagerAPI.Tests", "FinanceManagerAPI.Tests\FinanceManagerAPI.Tests.csproj", "{5042AB8F-C24E-4A72-86A3-43545AA592C3}"
EndProject
Project("{FAE04EC0-301F-11D3-BF4B-00C04F79EFBC}") = "FinanceManagerAPI", "FinanceManagerAPI.csproj", "{FA4EEC2B-C86F-43C3-9C07-FF7F5D4C0595}"
EndProject
Global
	GlobalSection(SolutionConfigurationPlatforms) = preSolution
		Debug|Any CPU = Debug|Any CPU
		Release|Any CPU = Release|Any CPU
	EndGlobalSection
	GlobalSection(SolutionProperties) = preSolution
		HideSolutionNode = FALSE
	EndGlobalSection
	GlobalSection(ProjectConfigurationPlatforms) = postSolution
		{5042AB8F-C24E-4A72-86A3-43545AA592C3}.Debug|Any CPU.ActiveCfg = Debug|Any CPU
		{5042AB8F-C24E-4A72-86A3-43545AA592C3}.Debug|Any CPU.Build.0 = Debug|Any CPU
		{5042AB8F-C24E-4A72-86A3-43545AA592C3}.Release|Any CPU.ActiveCfg = Release|Any CPU
		{5042AB8F-C24E-4A72-86A3-43545AA592C3}.Release|Any CPU.Build.0 = Release|Any CPU
		{FA4EEC2B-C86F-43C3-9C07-FF7F5D4C0595}.Debug|Any CPU.ActiveCfg = Debug|Any CPU
		{FA4EEC2B-C86F-43C3-9C07-FF7F5D4C0595}.Debug|Any CPU.Build.0 = Debug|Any CPU
		{FA4EEC2B-C86F-43C3-9C07-FF7F5D4C0595}.Release|Any CPU.ActiveCfg = Release|Any CPU
		{FA4EEC2B-C86F-43C3-9C07-FF7F5D4C0595}.Release|Any CPU.Build.0 = Release|Any CPU
	EndGlobalSection
EndGlobal
